Microsoft Visual Studio Solution File, Format Version 12.00
# Visual Studio Version 17
VisualStudioVersion = 17.0.31903.59
MinimumVisualStudioVersion = 10.0.40219.1
Project("{9A19103F-16F7-4668-BE54-9A1E7A4F7556}") = "JoyconSteering", "JoyconSteering\JoyconSteering.csproj", "{B1F5D2A0-1234-4ABC-9DEF-000000000001}"
EndProject
Project("{9A19103F-16F7-4668-BE54-9A1E7A4F7556}") = "JoyconSteering.Tests", "JoyconSteering.Tests\JoyconSteering.Tests.csproj", "{B1F5D2A0-1234-4ABC-9DEF-000000000002}"
EndProject
Global
	GlobalSection(SolutionConfigurationPlatforms) = preSolution
		Debug|Any CPU = Debug|Any CPU
		Release|Any CPU = Release|Any CPU
	EndGlobalSection
	GlobalSection(ProjectConfigurationPlatforms) = postSolution
		{B1F5D2A0-1234-4ABC-9DEF-000000000001}.Debug|Any CPU.ActiveCfg = Debug|Any CPU
		{B1F5D2A0-1234-4ABC-9DEF-000000000001}.Debug|Any CPU.Build.0 = Debug|Any CPU
		{B1F5D2A0-1234-4ABC-9DEF-000000000001}.Release|Any CPU.ActiveCfg = Release|Any CPU
		{B1F5D2A0-1234-4ABC-9DEF-000000000001}.Release|Any CPU.Build.0 = Release|Any CPU
		{B1F5D2A0-1234-4ABC-9DEF-000000000002}.Debug|Any CPU.ActiveCfg = Debug|Any CPU
		{B1F5D2A0-1234-4ABC-9DEF-000000000002}.Debug|Any CPU.Build.0 = Debug|Any CPU
		{B1F5D2A0-1234-4ABC-9DEF-000000000002}.Release|Any CPU.ActiveCfg = Release|Any CPU
		{B1F5D2A0-1234-4ABC-9DEF-000000000002}.Release|Any CPU.Build.0 = Release|Any CPU
	EndGlobalSection
	GlobalSection(SolutionProperties) = preSolution
		HideSolutionNode = FALSE
	EndGlobalSection
EndGlobal
